{
    "_readme": [
        "This file locks the dependencies of your project to a known state",
        "Read more about it at https://getcomposer.org/doc/01-basic-usage.md#installing-dependencies",
        "This file is @generated automatically"
    ],
    "content-hash": "adb5e5c5c8f5b9c5a5d5e5f5a5b5c5d5e5f5a5b",
    "packages": [
        {
            "name": "google/apiclient",
            "version": "v2.15.7",
            "dist": {
                "type": "zip",
                "url": "https://github.com/googleapis/google-api-php-client/archive/refs/tags/v2.15.7.zip",
                "reference": "v2.15.7",
                "shasum": ""
            },
            "type": "library"
        },
        {
            "name": "google/auth",
            "version": "v1.44.0",
            "dist": {
                "type": "zip",
                "url": "https://github.com/googleapis/google-auth-library-php/archive/refs/tags/v1.44.0.zip",
                "reference": "v1.44.0",
                "shasum": ""
            },
            "type": "library"
        },
        {
            "name": "guzzlehttp/guzzle",
            "version": "7.8.1",
            "dist": {
                "type": "zip",
                "url": "https://github.com/guzzle/guzzle/archive/refs/tags/7.8.1.zip",
                "reference": "7.8.1",
                "shasum": ""
            },
            "type": "library"
        },
        {
            "name": "guzzlehttp/promises",
            "version": "2.0.2",
            "dist": {
                "type": "zip",
                "url": "https://github.com/guzzle/promises/archive/refs/tags/2.0.2.zip",
                "reference": "2.0.2",
                "shasum": ""
            },
            "type": "library"
        },
        {
            "name": "guzzlehttp/psr7",
            "version": "2.6.2",
            "dist": {
                "type": "zip",
                "url": "https://github.com/guzzle/psr7/archive/refs/tags/2.6.2.zip",
                "reference": "2.6.2",
                "shasum": ""
            },
            "type": "library"
        },
        {
            "name": "psr/http-client",
            "version": "1.0.3",
            "dist": {
                "type": "zip",
                "url": "https://github.com/php-fig/http-client/archive/refs/tags/1.0.3.zip",
                "reference": "1.0.3",
                "shasum": ""
            },
            "type": "library"
        },
        {
            "name": "psr/http-factory",
            "version": "1.0.2",
            "dist": {
                "type": "zip",
                "url": "https://github.com/php-fig/http-factory/archive/refs/tags/1.0.2.zip",
                "reference": "1.0.2",
                "shasum": ""
            },
            "type": "library"
        },
        {
            "name": "psr/http-message",
            "version": "2.0",
            "dist": {
                "type": "zip",
                "url": "https://github.com/php-fig/http-message/archive/refs/tags/2.0.zip",
                "reference": "2.0",
                "shasum": ""
            },
            "type": "library"
        },
        {
            "name": "psr/log",
            "version": "3.0.0",
            "dist": {
                "type": "zip",
                "url": "https://github.com/php-fig/log/archive/refs/tags/3.0.0.zip",
                "reference": "3.0.0",
                "shasum": ""
            },
            "type": "library"
        },
        {
            "name": "ralouphie/getallheaders",
            "version": "3.0.3",
            "dist": {
                "type": "zip",
                "url": "https://github.com/ralouphie/getallheaders/archive/refs/tags/v3.0.3.zip",
                "reference": "v3.0.3",
                "shasum": ""
            },
            "type": "library"
        },
        {
            "name": "symfony/deprecation-contracts",
            "version": "v3.4.0",
            "dist": {
                "type": "zip",
                "url": "https://github.com/symfony/deprecation-contracts/archive/refs/tags/v3.4.0.zip",
                "reference": "v3.4.0",
                "shasum": ""
            },
            "type": "library"
        },
        {
            "name": "phpmailer/phpmailer",
            "version": "v7.0.2",
            "dist": {
                "type": "zip",
                "url": "https://github.com/PHPMailer/PHPMailer/archive/refs/tags/v7.0.2.zip",
                "reference": "v7.0.2",
                "shasum": ""
            },
            "type": "library"
        },
        {
            "name": "tecnickcom/tcpdf",
            "version": "6.11.2",
            "dist": {
                "type": "zip",
                "url": "https://github.com/tecnickcom/TCPDF/archive/refs/tags/6.11.2.zip",
                "reference": "6.11.2",
                "shasum": ""
            },
            "type": "library"
        }
    ],
    "packages-dev": [],
    "aliases": [],
    "minimum-stability": "stable",
    "stability-flags": {},
    "prefer-stable": false,
    "prefer-lowest": false,
    "platform": {},
    "platform-dev": {},
    "plugin-api-version": "2.6.0"
}
